
Microsoft Visual Studio Solution File, Format Version 12.00
# Visual Studio 15
VisualStudioVersion = 15.0.28307.168
MinimumVisualStudioVersion = 10.0.40219.1
Project("{FAE04EC0-301F-11D3-BF4B-00C04F79EFBC}") = "LeetCodeSolution", "LeetCodeSolution\LeetCodeSolution.csproj", "{40907A31-384B-44AE-9AA6-73AA80B4F1F5}"
EndProject
Project("{FAE04EC0-301F-11D3-BF4B-00C04F79EFBC}") = "TestHashSet", "TestHashSet\TestHashSet.csproj", "{234CF5D4-F611-4F64-AC2A-49D9B0430F3D}"
EndProject
Project("{FAE04EC0-301F-11D3-BF4B-00C04F79EFBC}") = "TestDelegate", "TestDelegate\TestDelegate.csproj", "{F2EE9AE8-4EA2-4FAE-8AE0-EE5EE3CD3FD5}"
EndProject
Project("{FAE04EC0-301F-11D3-BF4B-00C04F79EFBC}") = "TestLinkedList", "TestLinkedList\TestLinkedList.csproj", "{FD2705E8-ABC3-49D5-A860-0911E35C1C68}"
EndProject
Project("{FAE04EC0-301F-11D3-BF4B-00C04F79EFBC}") = "Chapter3", "Chapter3\Chapter3.csproj", "{78BA2134-2DA7-45DF-B26F-EDD556AA617B}"
EndProject
Project("{FAE04EC0-301F-11D3-BF4B-00C04F79EFBC}") = "Chapter4", "Chapter4\Chapter4.csproj", "{DE7AD293-143B-4A69-9A34-ECDE03C58B58}"
EndProject
Project("{2150E333-8FDC-42A3-9474-1A3956D46DE8}") = "DataStructure", "DataStructure", "{A090450B-9206-43B8-AC20-301A6310EFF8}"
EndProject
Project("{FAE04EC0-301F-11D3-BF4B-00C04F79EFBC}") = "Chapter5", "Chapter5\Chapter5.csproj", "{73E6122C-5458-42A4-AB3B-8A6D8072141F}"
EndProject
Project("{FAE04EC0-301F-11D3-BF4B-00C04F79EFBC}") = "Chapter7", "Chapter7\Chapter7.csproj", "{3EEE2988-BD74-4CD8-8EE3-2AD791A39916}"
EndProject
Project("{FAE04EC0-301F-11D3-BF4B-00C04F79EFBC}") = "Chapter9", "Chapter9\Chapter9.csproj", "{6524F5BF-886E-46AD-B7D6-BD930D56A621}"
EndProject
Project("{FAE04EC0-301F-11D3-BF4B-00C04F79EFBC}") = "Chapter10", "Chapter10\Chapter10.csproj", "{27C4C451-A2E9-4FC1-8D98-A82FAD6180F8}"
EndProject
Project("{FAE04EC0-301F-11D3-BF4B-00C04F79EFBC}") = "Chapter11", "Chapter11\Chapter11.csproj", "{D8E0209E-671F-4F41-A042-33021B78935B}"
EndProject
Project("{FAE04EC0-301F-11D3-BF4B-00C04F79EFBC}") = "Chapter12", "Chapter12\Chapter12.csproj", "{D27BAE3A-1477-4AB7-B612-5AB22BAC05C3}"
EndProject
Project("{FAE04EC0-301F-11D3-BF4B-00C04F79EFBC}") = "Chapter13", "Chapter13\Chapter13.csproj", "{BB7904A3-79FB-4985-9B54-7D0A16733508}"
EndProject
Project("{FAE04EC0-301F-11D3-BF4B-00C04F79EFBC}") = "Chapter14", "Chapter14\Chapter14.csproj", "{81149DC9-3899-40A6-878C-6181BB6BDEB0}"
EndProject
Project("{FAE04EC0-301F-11D3-BF4B-00C04F79EFBC}") = "Chapter15", "Chapter15\Chapter15.csproj", "{4FA4AC81-1C93-4CC4-B335-18D03A0C7AF0}"
EndProject
Project("{FAE04EC0-301F-11D3-BF4B-00C04F79EFBC}") = "Chapter16", "Chapter16\Chapter16.csproj", "{B59151AE-AC35-43B2-B865-1DB6D9310C71}"
EndProject
Project("{FAE04EC0-301F-11D3-BF4B-00C04F79EFBC}") = "Chapter17", "Chapter17\Chapter17.csproj", "{7306122A-ED02-4D04-8DF6-98BD92A2AD76}"
EndProject
Global
	GlobalSection(SolutionConfigurationPlatforms) = preSolution
		Debug|Any CPU = Debug|Any CPU
		Release|Any CPU = Release|Any CPU
	EndGlobalSection
	GlobalSection(ProjectConfigurationPlatforms) = postSolution
		{40907A31-384B-44AE-9AA6-73AA80B4F1F5}.Debug|Any CPU.ActiveCfg = Debug|Any CPU
		{40907A31-384B-44AE-9AA6-73AA80B4F1F5}.Debug|Any CPU.Build.0 = Debug|Any CPU
		{40907A31-384B-44AE-9AA6-73AA80B4F1F5}.Release|Any CPU.ActiveCfg = Release|Any CPU
		{40907A31-384B-44AE-9AA6-73AA80B4F1F5}.Release|Any CPU.Build.0 = Release|Any CPU
		{234CF5D4-F611-4F64-AC2A-49D9B0430F3D}.Debug|Any CPU.ActiveCfg = Debug|Any CPU
		{234CF5D4-F611-4F64-AC2A-49D9B0430F3D}.Debug|Any CPU.Build.0 = Debug|Any CPU
		{234CF5D4-F611-4F64-AC2A-49D9B0430F3D}.Release|Any CPU.ActiveCfg = Release|Any CPU
		{234CF5D4-F611-4F64-AC2A-49D9B0430F3D}.Release|Any CPU.Build.0 = Release|Any CPU
		{F2EE9AE8-4EA2-4FAE-8AE0-EE5EE3CD3FD5}.Debug|Any CPU.ActiveCfg = Debug|Any CPU
		{F2EE9AE8-4EA2-4FAE-8AE0-EE5EE3CD3FD5}.Debug|Any CPU.Build.0 = Debug|Any CPU
		{F2EE9AE8-4EA2-4FAE-8AE0-EE5EE3CD3FD5}.Release|Any CPU.ActiveCfg = Release|Any CPU
		{F2EE9AE8-4EA2-4FAE-8AE0-EE5EE3CD3FD5}.Release|Any CPU.Build.0 = Release|Any CPU
		{FD2705E8-ABC3-49D5-A860-0911E35C1C68}.Debug|Any CPU.ActiveCfg = Debug|Any CPU
		{FD2705E8-ABC3-49D5-A860-0911E35C1C68}.Debug|Any CPU.Build.0 = Debug|Any CPU
		{FD2705E8-ABC3-49D5-A860-0911E35C1C68}.Release|Any CPU.ActiveCfg = Release|Any CPU
		{FD2705E8-ABC3-49D5-A860-0911E35C1C68}.Release|Any CPU.Build.0 = Release|Any CPU
		{78BA2134-2DA7-45DF-B26F-EDD556AA617B}.Debug|Any CPU.ActiveCfg = Debug|Any CPU
		{78BA2134-2DA7-45DF-B26F-EDD556AA617B}.Debug|Any CPU.Build.0 = Debug|Any CPU
		{78BA2134-2DA7-45DF-B26F-EDD556AA617B}.Release|Any CPU.ActiveCfg = Release|Any CPU
		{78BA2134-2DA7-45DF-B26F-EDD556AA617B}.Release|Any CPU.Build.0 = Release|Any CPU
		{DE7AD293-143B-4A69-9A34-ECDE03C58B58}.Debug|Any CPU.ActiveCfg = Debug|Any CPU
		{DE7AD293-143B-4A69-9A34-ECDE03C58B58}.Debug|Any CPU.Build.0 = Debug|Any CPU
		{DE7AD293-143B-4A69-9A34-ECDE03C58B58}.Release|Any CPU.ActiveCfg = Release|Any CPU
		{DE7AD293-143B-4A69-9A34-ECDE03C58B58}.Release|Any CPU.Build.0 = Release|Any CPU
		{73E6122C-5458-42A4-AB3B-8A6D8072141F}.Debug|Any CPU.ActiveCfg = Debug|Any CPU
		{73E6122C-5458-42A4-AB3B-8A6D8072141F}.Debug|Any CPU.Build.0 = Debug|Any CPU
		{73E6122C-5458-42A4-AB3B-8A6D8072141F}.Release|Any CPU.ActiveCfg = Release|Any CPU
		{73E6122C-5458-42A4-AB3B-8A6D8072141F}.Release|Any CPU.Build.0 = Release|Any CPU
		{3EEE2988-BD74-4CD8-8EE3-2AD791A39916}.Debug|Any CPU.ActiveCfg = Debug|Any CPU
		{3EEE2988-BD74-4CD8-8EE3-2AD791A39916}.Debug|Any CPU.Build.0 = Debug|Any CPU
		{3EEE2988-BD74-4CD8-8EE3-2AD791A39916}.Release|Any CPU.ActiveCfg = Release|Any CPU
		{3EEE2988-BD74-4CD8-8EE3-2AD791A39916}.Release|Any CPU.Build.0 = Release|Any CPU
		{6524F5BF-886E-46AD-B7D6-BD930D56A621}.Debug|Any CPU.ActiveCfg = Debug|Any CPU
		{6524F5BF-886E-46AD-B7D6-BD930D56A621}.Debug|Any CPU.Build.0 = Debug|Any CPU
		{6524F5BF-886E-46AD-B7D6-BD930D56A621}.Release|Any CPU.ActiveCfg = Release|Any CPU
		{6524F5BF-886E-46AD-B7D6-BD930D56A621}.Release|Any CPU.Build.0 = Release|Any CPU
		{27C4C451-A2E9-4FC1-8D98-A82FAD6180F8}.Debug|Any CPU.ActiveCfg = Debug|Any CPU
		{27C4C451-A2E9-4FC1-8D98-A82FAD6180F8}.Debug|Any CPU.Build.0 = Debug|Any CPU
		{27C4C451-A2E9-4FC1-8D98-A82FAD6180F8}.Release|Any CPU.ActiveCfg = Release|Any CPU
		{27C4C451-A2E9-4FC1-8D98-A82FAD6180F8}.Release|Any CPU.Build.0 = Release|Any CPU
		{D8E0209E-671F-4F41-A042-33021B78935B}.Debug|Any CPU.ActiveCfg = Debug|Any CPU
		{D8E0209E-671F-4F41-A042-33021B78935B}.Debug|Any CPU.Build.0 = Debug|Any CPU
		{D8E0209E-671F-4F41-A042-33021B78935B}.Release|Any CPU.ActiveCfg = Release|Any CPU
		{D8E0209E-671F-4F41-A042-33021B78935B}.Release|Any CPU.Build.0 = Release|Any CPU
		{D27BAE3A-1477-4AB7-B612-5AB22BAC05C3}.Debug|Any CPU.ActiveCfg = Debug|Any CPU
		{D27BAE3A-1477-4AB7-B612-5AB22BAC05C3}.Debug|Any CPU.Build.0 = Debug|Any CPU
		{D27BAE3A-1477-4AB7-B612-5AB22BAC05C3}.Release|Any CPU.ActiveCfg = Release|Any CPU
		{D27BAE3A-1477-4AB7-B612-5AB22BAC05C3}.Release|Any CPU.Build.0 = Release|Any CPU
		{BB7904A3-79FB-4985-9B54-7D0A16733508}.Debug|Any CPU.ActiveCfg = Debug|Any CPU
		{BB7904A3-79FB-4985-9B54-7D0A16733508}.Debug|Any CPU.Build.0 = Debug|Any CPU
		{BB7904A3-79FB-4985-9B54-7D0A16733508}.Release|Any CPU.ActiveCfg = Release|Any CPU
		{BB7904A3-79FB-4985-9B54-7D0A16733508}.Release|Any CPU.Build.0 = Release|Any CPU
		{81149DC9-3899-40A6-878C-6181BB6BDEB0}.Debug|Any CPU.ActiveCfg = Debug|Any CPU
		{81149DC9-3899-40A6-878C-6181BB6BDEB0}.Debug|Any CPU.Build.0 = Debug|Any CPU
		{81149DC9-3899-40A6-878C-6181BB6BDEB0}.Release|Any CPU.ActiveCfg = Release|Any CPU
		{81149DC9-3899-40A6-878C-6181BB6BDEB0}.Release|Any CPU.Build.0 = Release|Any CPU
		{4FA4AC81-1C93-4CC4-B335-18D03A0C7AF0}.Debug|Any CPU.ActiveCfg = Debug|Any CPU
		{4FA4AC81-1C93-4CC4-B335-18D03A0C7AF0}.Debug|Any CPU.Build.0 = Debug|Any CPU
		{4FA4AC81-1C93-4CC4-B335-18D03A0C7AF0}.Release|Any CPU.ActiveCfg = Release|Any CPU
		{4FA4AC81-1C93-4CC4-B335-18D03A0C7AF0}.Release|Any CPU.Build.0 = Release|Any CPU
		{B59151AE-AC35-43B2-B865-1DB6D9310C71}.Debug|Any CPU.ActiveCfg = Debug|Any CPU
		{B59151AE-AC35-43B2-B865-1DB6D9310C71}.Debug|Any CPU.Build.0 = Debug|Any CPU
		{B59151AE-AC35-43B2-B865-1DB6D9310C71}.Release|Any CPU.ActiveCfg = Release|Any CPU
		{B59151AE-AC35-43B2-B865-1DB6D9310C71}.Release|Any CPU.Build.0 = Release|Any CPU
		{7306122A-ED02-4D04-8DF6-98BD92A2AD76}.Debug|Any CPU.ActiveCfg = Debug|Any CPU
		{7306122A-ED02-4D04-8DF6-98BD92A2AD76}.Debug|Any CPU.Build.0 = Debug|Any CPU
		{7306122A-ED02-4D04-8DF6-98BD92A2AD76}.Release|Any CPU.ActiveCfg = Release|Any CPU
		{7306122A-ED02-4D04-8DF6-98BD92A2AD76}.Release|Any CPU.Build.0 = Release|Any CPU
	EndGlobalSection
	GlobalSection(SolutionProperties) = preSolution
		HideSolutionNode = FALSE
	EndGlobalSection
	GlobalSection(NestedProjects) = preSolution
		{78BA2134-2DA7-45DF-B26F-EDD556AA617B} = {A090450B-9206-43B8-AC20-301A6310EFF8}
		{DE7AD293-143B-4A69-9A34-ECDE03C58B58} = {A090450B-9206-43B8-AC20-301A6310EFF8}
		{73E6122C-5458-42A4-AB3B-8A6D8072141F} = {A090450B-9206-43B8-AC20-301A6310EFF8}
		{3EEE2988-BD74-4CD8-8EE3-2AD791A39916} = {A090450B-9206-43B8-AC20-301A6310EFF8}
		{6524F5BF-886E-46AD-B7D6-BD930D56A621} = {A090450B-9206-43B8-AC20-301A6310EFF8}
		{27C4C451-A2E9-4FC1-8D98-A82FAD6180F8} = {A090450B-9206-43B8-AC20-301A6310EFF8}
		{D8E0209E-671F-4F41-A042-33021B78935B} = {A090450B-9206-43B8-AC20-301A6310EFF8}
		{D27BAE3A-1477-4AB7-B612-5AB22BAC05C3} = {A090450B-9206-43B8-AC20-301A6310EFF8}
		{BB7904A3-79FB-4985-9B54-7D0A16733508} = {A090450B-9206-43B8-AC20-301A6310EFF8}
		{81149DC9-3899-40A6-878C-6181BB6BDEB0} = {A090450B-9206-43B8-AC20-301A6310EFF8}
		{4FA4AC81-1C93-4CC4-B335-18D03A0C7AF0} = {A090450B-9206-43B8-AC20-301A6310EFF8}
		{B59151AE-AC35-43B2-B865-1DB6D9310C71} = {A090450B-9206-43B8-AC20-301A6310EFF8}
		{7306122A-ED02-4D04-8DF6-98BD92A2AD76} = {A090450B-9206-43B8-AC20-301A6310EFF8}
	EndGlobalSection
	GlobalSection(ExtensibilityGlobals) = postSolution
		SolutionGuid = {24439073-16CC-4476-98B4-F26F5216E957}
	EndGlobalSection
EndGlobal
